Microsoft Visual Studio Solution File, Format Version 12.00
# Visual Studio Version 17
VisualStudioVersion = 17.5.2.0
MinimumVisualStudioVersion = 10.0.40219.1
Project("{FAE04EC0-301F-11D3-BF4B-00C04F79EFBC}") = "TravelBuddy.API", "TravelBuddy.API.csproj", "{88C22AFF-5FCC-7DBF-3027-DDA0317422FB}"
EndProject
Global
	GlobalSection(SolutionConfigurationPlatforms) = preSolution
		Debug|Any CPU = Debug|Any CPU
		Release|Any CPU = Release|Any CPU
	EndGlobalSection
	GlobalSection(ProjectConfigurationPlatforms) = postSolution
		{88C22AFF-5FCC-7DBF-3027-DDA0317422FB}.Debug|Any CPU.ActiveCfg = Debug|Any CPU
		{88C22AFF-5FCC-7DBF-3027-DDA0317422FB}.Debug|Any CPU.Build.0 = Debug|Any CPU
		{88C22AFF-5FCC-7DBF-3027-DDA0317422FB}.Release|Any CPU.ActiveCfg = Release|Any CPU
		{88C22AFF-5FCC-7DBF-3027-DDA0317422FB}.Release|Any CPU.Build.0 = Release|Any CPU
	EndGlobalSection
	GlobalSection(SolutionProperties) = preSolution
		HideSolutionNode = FALSE
	EndGlobalSection
	GlobalSection(ExtensibilityGlobals) = postSolution
		SolutionGuid = {27386F72-237D-4782-AAA5-D63880AA3583}
	EndGlobalSection
EndGlobal
